
Microsoft Visual Studio Solution File, Format Version 12.00
# Visual Studio Version 17
VisualStudioVersion = 17.13.35825.156 d17.13
MinimumVisualStudioVersion = 10.0.40219.1
Project("{FAE04EC0-301F-11D3-BF4B-00C04F79EFBC}") = "EducationalPlatform_Backend", "EducationalPlatform_Backend\EducationalPlatform_Backend.csproj", "{12E43C84-08F1-4F57-A7D9-5AFDE513AECA}"
EndProject
Global
	GlobalSection(SolutionConfigurationPlatforms) = preSolution
		Debug|Any CPU = Debug|Any CPU
		Release|Any CPU = Release|Any CPU
	EndGlobalSection
	GlobalSection(ProjectConfigurationPlatforms) = postSolution
		{12E43C84-08F1-4F57-A7D9-5AFDE513AECA}.Debug|Any CPU.ActiveCfg = Debug|Any CPU
		{12E43C84-08F1-4F57-A7D9-5AFDE513AECA}.Debug|Any CPU.Build.0 = Debug|Any CPU
		{12E43C84-08F1-4F57-A7D9-5AFDE513AECA}.Release|Any CPU.ActiveCfg = Release|Any CPU
		{12E43C84-08F1-4F57-A7D9-5AFDE513AECA}.Release|Any CPU.Build.0 = Release|Any CPU
	EndGlobalSection
	GlobalSection(SolutionProperties) = preSolution
		HideSolutionNode = FALSE
	EndGlobalSection
	GlobalSection(ExtensibilityGlobals) = postSolution
		SolutionGuid = {C49AF0BC-E06D-4C3D-A476-363DF0F1D622}
	EndGlobalSection
EndGlobal
